
Microsoft Visual Studio Solution File, Format Version 12.00
# Visual Studio Version 17
VisualStudioVersion = 17.0.31903.59
MinimumVisualStudioVersion = 10.0.40219.1
Project("{2150E333-8FDC-42A3-9474-1A3956D46DE8}") = "src", "src", "{827E0CD3-B72D-47B6-A68D-7590B98EB39B}"
EndProject
Project("{FAE04EC0-301F-11D3-BF4B-00C04F79EFBC}") = "CareFlow.Domain", "src\CareFlow.Domain\CareFlow.Domain.csproj", "{B72A8AA0-7D8F-4642-980A-47E7C2CBCF1F}"
EndProject
Project("{FAE04EC0-301F-11D3-BF4B-00C04F79EFBC}") = "CareFlow.Application", "src\CareFlow.Application\CareFlow.Application.csproj", "{6EAED53D-3AED-45A4-BA1C-772487CAC03A}"
EndProject
Project("{FAE04EC0-301F-11D3-BF4B-00C04F79EFBC}") = "CareFlow.Infrastructure", "src\CareFlow.Infrastructure\CareFlow.Infrastructure.csproj", "{958C6DCB-F291-489E-850F-E570E05A7CAF}"
EndProject
Project("{FAE04EC0-301F-11D3-BF4B-00C04F79EFBC}") = "CareFlow.Shared", "src\CareFlow.Shared\CareFlow.Shared.csproj", "{733CB65D-2516-4316-892F-9BD0FCCA5520}"
EndProject
Project("{FAE04EC0-301F-11D3-BF4B-00C04F79EFBC}") = "CareFlow.Api", "src\CareFlow.Api\CareFlow.Api.csproj", "{41982860-1AED-4EA3-8B1C-6E46FFC70AA0}"
EndProject
Project("{FAE04EC0-301F-11D3-BF4B-00C04F79EFBC}") = "CareFlow.Mvc", "src\CareFlow.Mvc\CareFlow.Mvc.csproj", "{B83442DD-8642-4027-BE4C-B89F682BDF2C}"
EndProject
Project("{2150E333-8FDC-42A3-9474-1A3956D46DE8}") = "tests", "tests", "{0AB3BF05-4346-4AA6-1389-037BE0695223}"
EndProject
Project("{FAE04EC0-301F-11D3-BF4B-00C04F79EFBC}") = "CareFlow.UnitTests", "tests\CareFlow.UnitTests\CareFlow.UnitTests.csproj", "{3EEF965C-2005-48CB-B038-3CCEB8A274E6}"
EndProject
Project("{FAE04EC0-301F-11D3-BF4B-00C04F79EFBC}") = "CareFlow.IntegrationTests", "tests\CareFlow.IntegrationTests\CareFlow.IntegrationTests.csproj", "{E0DB8395-5E98-4A3F-8FAE-EA79C2DCDE7B}"
EndProject
Global
	GlobalSection(SolutionConfigurationPlatforms) = preSolution
		Debug|Any CPU = Debug|Any CPU
		Debug|x64 = Debug|x64
		Debug|x86 = Debug|x86
		Release|Any CPU = Release|Any CPU
		Release|x64 = Release|x64
		Release|x86 = Release|x86
	EndGlobalSection
	GlobalSection(ProjectConfigurationPlatforms) = postSolution
		{B72A8AA0-7D8F-4642-980A-47E7C2CBCF1F}.Debug|Any CPU.ActiveCfg = Debug|Any CPU
		{B72A8AA0-7D8F-4642-980A-47E7C2CBCF1F}.Debug|Any CPU.Build.0 = Debug|Any CPU
		{B72A8AA0-7D8F-4642-980A-47E7C2CBCF1F}.Debug|x64.ActiveCfg = Debug|Any CPU
		{B72A8AA0-7D8F-4642-980A-47E7C2CBCF1F}.Debug|x64.Build.0 = Debug|Any CPU
		{B72A8AA0-7D8F-4642-980A-47E7C2CBCF1F}.Debug|x86.ActiveCfg = Debug|Any CPU
		{B72A8AA0-7D8F-4642-980A-47E7C2CBCF1F}.Debug|x86.Build.0 = Debug|Any CPU
		{B72A8AA0-7D8F-4642-980A-47E7C2CBCF1F}.Release|Any CPU.ActiveCfg = Release|Any CPU
		{B72A8AA0-7D8F-4642-980A-47E7C2CBCF1F}.Release|Any CPU.Build.0 = Release|Any CPU
		{B72A8AA0-7D8F-4642-980A-47E7C2CBCF1F}.Release|x64.ActiveCfg = Release|Any CPU
		{B72A8AA0-7D8F-4642-980A-47E7C2CBCF1F}.Release|x64.Build.0 = Release|Any CPU
		{B72A8AA0-7D8F-4642-980A-47E7C2CBCF1F}.Release|x86.ActiveCfg = Release|Any CPU
		{B72A8AA0-7D8F-4642-980A-47E7C2CBCF1F}.Release|x86.Build.0 = Release|Any CPU
		{6EAED53D-3AED-45A4-BA1C-772487CAC03A}.Debug|Any CPU.ActiveCfg = Debug|Any CPU
		{6EAED53D-3AED-45A4-BA1C-772487CAC03A}.Debug|Any CPU.Build.0 = Debug|Any CPU
		{6EAED53D-3AED-45A4-BA1C-772487CAC03A}.Debug|x64.ActiveCfg = Debug|Any CPU
		{6EAED53D-3AED-45A4-BA1C-772487CAC03A}.Debug|x64.Build.0 = Debug|Any CPU
		{6EAED53D-3AED-45A4-BA1C-772487CAC03A}.Debug|x86.ActiveCfg = Debug|Any CPU
		{6EAED53D-3AED-45A4-BA1C-772487CAC03A}.Debug|x86.Build.0 = Debug|Any CPU
		{6EAED53D-3AED-45A4-BA1C-772487CAC03A}.Release|Any CPU.ActiveCfg = Release|Any CPU
		{6EAED53D-3AED-45A4-BA1C-772487CAC03A}.Release|Any CPU.Build.0 = Release|Any CPU
		{6EAED53D-3AED-45A4-BA1C-772487CAC03A}.Release|x64.ActiveCfg = Release|Any CPU
		{6EAED53D-3AED-45A4-BA1C-772487CAC03A}.Release|x64.Build.0 = Release|Any CPU
		{6EAED53D-3AED-45A4-BA1C-772487CAC03A}.Release|x86.ActiveCfg = Release|Any CPU
		{6EAED53D-3AED-45A4-BA1C-772487CAC03A}.Release|x86.Build.0 = Release|Any CPU
		{958C6DCB-F291-489E-850F-E570E05A7CAF}.Debug|Any CPU.ActiveCfg = Debug|Any CPU
		{958C6DCB-F291-489E-850F-E570E05A7CAF}.Debug|Any CPU.Build.0 = Debug|Any CPU
		{958C6DCB-F291-489E-850F-E570E05A7CAF}.Debug|x64.ActiveCfg = Debug|Any CPU
		{958C6DCB-F291-489E-850F-E570E05A7CAF}.Debug|x64.Build.0 = Debug|Any CPU
		{958C6DCB-F291-489E-850F-E570E05A7CAF}.Debug|x86.ActiveCfg = Debug|Any CPU
		{958C6DCB-F291-489E-850F-E570E05A7CAF}.Debug|x86.Build.0 = Debug|Any CPU
		{958C6DCB-F291-489E-850F-E570E05A7CAF}.Release|Any CPU.ActiveCfg = Release|Any CPU
		{958C6DCB-F291-489E-850F-E570E05A7CAF}.Release|Any CPU.Build.0 = Release|Any CPU
		{958C6DCB-F291-489E-850F-E570E05A7CAF}.Release|x64.ActiveCfg = Release|Any CPU
		{958C6DCB-F291-489E-850F-E570E05A7CAF}.Release|x64.Build.0 = Release|Any CPU
		{958C6DCB-F291-489E-850F-E570E05A7CAF}.Release|x86.ActiveCfg = Release|Any CPU
		{958C6DCB-F291-489E-850F-E570E05A7CAF}.Release|x86.Build.0 = Release|Any CPU
		{733CB65D-2516-4316-892F-9BD0FCCA5520}.Debug|Any CPU.ActiveCfg = Debug|Any CPU
		{733CB65D-2516-4316-892F-9BD0FCCA5520}.Debug|Any CPU.Build.0 = Debug|Any CPU
		{733CB65D-2516-4316-892F-9BD0FCCA5520}.Debug|x64.ActiveCfg = Debug|Any CPU
		{733CB65D-2516-4316-892F-9BD0FCCA5520}.Debug|x64.Build.0 = Debug|Any CPU
		{733CB65D-2516-4316-892F-9BD0FCCA5520}.Debug|x86.ActiveCfg = Debug|Any CPU
		{733CB65D-2516-4316-892F-9BD0FCCA5520}.Debug|x86.Build.0 = Debug|Any CPU
		{733CB65D-2516-4316-892F-9BD0FCCA5520}.Release|Any CPU.ActiveCfg = Release|Any CPU
		{733CB65D-2516-4316-892F-9BD0FCCA5520}.Release|Any CPU.Build.0 = Release|Any CPU
		{733CB65D-2516-4316-892F-9BD0FCCA5520}.Release|x64.ActiveCfg = Release|Any CPU
		{733CB65D-2516-4316-892F-9BD0FCCA5520}.Release|x64.Build.0 = Release|Any CPU
		{733CB65D-2516-4316-892F-9BD0FCCA5520}.Release|x86.ActiveCfg = Release|Any CPU
		{733CB65D-2516-4316-892F-9BD0FCCA5520}.Release|x86.Build.0 = Release|Any CPU
		{41982860-1AED-4EA3-8B1C-6E46FFC70AA0}.Debug|Any CPU.ActiveCfg = Debug|Any CPU
		{41982860-1AED-4EA3-8B1C-6E46FFC70AA0}.Debug|Any CPU.Build.0 = Debug|Any CPU
		{41982860-1AED-4EA3-8B1C-6E46FFC70AA0}.Debug|x64.ActiveCfg = Debug|Any CPU
		{41982860-1AED-4EA3-8B1C-6E46FFC70AA0}.Debug|x64.Build.0 = Debug|Any CPU
		{41982860-1AED-4EA3-8B1C-6E46FFC70AA0}.Debug|x86.ActiveCfg = Debug|Any CPU
		{41982860-1AED-4EA3-8B1C-6E46FFC70AA0}.Debug|x86.Build.0 = Debug|Any CPU
		{41982860-1AED-4EA3-8B1C-6E46FFC70AA0}.Release|Any CPU.ActiveCfg = Release|Any CPU
		{41982860-1AED-4EA3-8B1C-6E46FFC70AA0}.Release|Any CPU.Build.0 = Release|Any CPU
		{41982860-1AED-4EA3-8B1C-6E46FFC70AA0}.Release|x64.ActiveCfg = Release|Any CPU
		{41982860-1AED-4EA3-8B1C-6E46FFC70AA0}.Release|x64.Build.0 = Release|Any CPU
		{41982860-1AED-4EA3-8B1C-6E46FFC70AA0}.Release|x86.ActiveCfg = Release|Any CPU
		{41982860-1AED-4EA3-8B1C-6E46FFC70AA0}.Release|x86.Build.0 = Release|Any CPU
		{B83442DD-8642-4027-BE4C-B89F682BDF2C}.Debug|Any CPU.ActiveCfg = Debug|Any CPU
		{B83442DD-8642-4027-BE4C-B89F682BDF2C}.Debug|Any CPU.Build.0 = Debug|Any CPU
		{B83442DD-8642-4027-BE4C-B89F682BDF2C}.Debug|x64.ActiveCfg = Debug|Any CPU
		{B83442DD-8642-4027-BE4C-B89F682BDF2C}.Debug|x64.Build.0 = Debug|Any CPU
		{B83442DD-8642-4027-BE4C-B89F682BDF2C}.Debug|x86.ActiveCfg = Debug|Any CPU
		{B83442DD-8642-4027-BE4C-B89F682BDF2C}.Debug|x86.Build.0 = Debug|Any CPU
		{B83442DD-8642-4027-BE4C-B89F682BDF2C}.Release|Any CPU.ActiveCfg = Release|Any CPU
		{B83442DD-8642-4027-BE4C-B89F682BDF2C}.Release|Any CPU.Build.0 = Release|Any CPU
		{B83442DD-8642-4027-BE4C-B89F682BDF2C}.Release|x64.ActiveCfg = Release|Any CPU
		{B83442DD-8642-4027-BE4C-B89F682BDF2C}.Release|x64.Build.0 = Release|Any CPU
		{B83442DD-8642-4027-BE4C-B89F682BDF2C}.Release|x86.ActiveCfg = Release|Any CPU
		{B83442DD-8642-4027-BE4C-B89F682BDF2C}.Release|x86.Build.0 = Release|Any CPU
		{3EEF965C-2005-48CB-B038-3CCEB8A274E6}.Debug|Any CPU.ActiveCfg = Debug|Any CPU
		{3EEF965C-2005-48CB-B038-3CCEB8A274E6}.Debug|Any CPU.Build.0 = Debug|Any CPU
		{3EEF965C-2005-48CB-B038-3CCEB8A274E6}.Debug|x64.ActiveCfg = Debug|Any CPU
		{3EEF965C-2005-48CB-B038-3CCEB8A274E6}.Debug|x64.Build.0 = Debug|Any CPU
		{3EEF965C-2005-48CB-B038-3CCEB8A274E6}.Debug|x86.ActiveCfg = Debug|Any CPU
		{3EEF965C-2005-48CB-B038-3CCEB8A274E6}.Debug|x86.Build.0 = Debug|Any CPU
		{3EEF965C-2005-48CB-B038-3CCEB8A274E6}.Release|Any CPU.ActiveCfg = Release|Any CPU
		{3EEF965C-2005-48CB-B038-3CCEB8A274E6}.Release|Any CPU.Build.0 = Release|Any CPU
		{3EEF965C-2005-48CB-B038-3CCEB8A274E6}.Release|x64.ActiveCfg = Release|Any CPU
		{3EEF965C-2005-48CB-B038-3CCEB8A274E6}.Release|x64.Build.0 = Release|Any CPU
		{3EEF965C-2005-48CB-B038-3CCEB8A274E6}.Release|x86.ActiveCfg = Release|Any CPU
		{3EEF965C-2005-48CB-B038-3CCEB8A274E6}.Release|x86.Build.0 = Release|Any CPU
		{E0DB8395-5E98-4A3F-8FAE-EA79C2DCDE7B}.Debug|Any CPU.ActiveCfg = Debug|Any CPU
		{E0DB8395-5E98-4A3F-8FAE-EA79C2DCDE7B}.Debug|Any CPU.Build.0 = Debug|Any CPU
		{E0DB8395-5E98-4A3F-8FAE-EA79C2DCDE7B}.Debug|x64.ActiveCfg = Debug|Any CPU
		{E0DB8395-5E98-4A3F-8FAE-EA79C2DCDE7B}.Debug|x64.Build.0 = Debug|Any CPU
		{E0DB8395-5E98-4A3F-8FAE-EA79C2DCDE7B}.Debug|x86.ActiveCfg = Debug|Any CPU
		{E0DB8395-5E98-4A3F-8FAE-EA79C2DCDE7B}.Debug|x86.Build.0 = Debug|Any CPU
		{E0DB8395-5E98-4A3F-8FAE-EA79C2DCDE7B}.Release|Any CPU.ActiveCfg = Release|Any CPU
		{E0DB8395-5E98-4A3F-8FAE-EA79C2DCDE7B}.Release|Any CPU.Build.0 = Release|Any CPU
		{E0DB8395-5E98-4A3F-8FAE-EA79C2DCDE7B}.Release|x64.ActiveCfg = Release|Any CPU
		{E0DB8395-5E98-4A3F-8FAE-EA79C2DCDE7B}.Release|x64.Build.0 = Release|Any CPU
		{E0DB8395-5E98-4A3F-8FAE-EA79C2DCDE7B}.Release|x86.ActiveCfg = Release|Any CPU
		{E0DB8395-5E98-4A3F-8FAE-EA79C2DCDE7B}.Release|x86.Build.0 = Release|Any CPU
	EndGlobalSection
	GlobalSection(SolutionProperties) = preSolution
		HideSolutionNode = FALSE
	EndGlobalSection
	GlobalSection(NestedProjects) = preSolution
		{B72A8AA0-7D8F-4642-980A-47E7C2CBCF1F} = {827E0CD3-B72D-47B6-A68D-7590B98EB39B}
		{6EAED53D-3AED-45A4-BA1C-772487CAC03A} = {827E0CD3-B72D-47B6-A68D-7590B98EB39B}
		{958C6DCB-F291-489E-850F-E570E05A7CAF} = {827E0CD3-B72D-47B6-A68D-7590B98EB39B}
		{733CB65D-2516-4316-892F-9BD0FCCA5520} = {827E0CD3-B72D-47B6-A68D-7590B98EB39B}
		{41982860-1AED-4EA3-8B1C-6E46FFC70AA0} = {827E0CD3-B72D-47B6-A68D-7590B98EB39B}
		{B83442DD-8642-4027-BE4C-B89F682BDF2C} = {827E0CD3-B72D-47B6-A68D-7590B98EB39B}
		{3EEF965C-2005-48CB-B038-3CCEB8A274E6} = {0AB3BF05-4346-4AA6-1389-037BE0695223}
		{E0DB8395-5E98-4A3F-8FAE-EA79C2DCDE7B} = {0AB3BF05-4346-4AA6-1389-037BE0695223}
	EndGlobalSection
EndGlobal
